Microsoft Visual Studio Solution File, Format Version 12.00
# Visual Studio Version 17
VisualStudioVersion = 17.5.2.0
MinimumVisualStudioVersion = 10.0.40219.1
Project("{FAE04EC0-301F-11D3-BF4B-00C04F79EFBC}") = "Atividade 2511", "Atividade 2511.csproj", "{16A9D387-B51A-9957-A919-1B569F9E77F1}"
EndProject
Global
	GlobalSection(SolutionConfigurationPlatforms) = preSolution
		Debug|Any CPU = Debug|Any CPU
		Release|Any CPU = Release|Any CPU
	EndGlobalSection
	GlobalSection(ProjectConfigurationPlatforms) = postSolution
		{16A9D387-B51A-9957-A919-1B569F9E77F1}.Debug|Any CPU.ActiveCfg = Debug|Any CPU
		{16A9D387-B51A-9957-A919-1B569F9E77F1}.Debug|Any CPU.Build.0 = Debug|Any CPU
		{16A9D387-B51A-9957-A919-1B569F9E77F1}.Release|Any CPU.ActiveCfg = Release|Any CPU
		{16A9D387-B51A-9957-A919-1B569F9E77F1}.Release|Any CPU.Build.0 = Release|Any CPU
	EndGlobalSection
	GlobalSection(SolutionProperties) = preSolution
		HideSolutionNode = FALSE
	EndGlobalSection
	GlobalSection(ExtensibilityGlobals) = postSolution
		SolutionGuid = {98882007-76B4-4700-A7E0-16CB5D7BC0F8}
	EndGlobalSection
EndGlobal
